// !$*UTF8*$!
{
	archiveVersion = 1;
	classes = {
	};
	objectVersion = 56;
	objects = {

/* Begin PBXBuildFile section */
		BD817FCF29E3D70600123540 /* ARModel.swift in Sources */ = {isa = PBXBuildFile; fileRef = BD817FC529E3D58D00123540 /* ARModel.swift */; };
		BD817FD029E3D72000123540 /* ExerciseModel.swift in Sources */ = {isa = PBXBuildFile; fileRef = BD817FCA29E3D58D00123540 /* ExerciseModel.swift */; };
		BD817FD129E3D72000123540 /* GifImage.swift in Sources */ = {isa = PBXBuildFile; fileRef = BD817FCB29E3D58D00123540 /* GifImage.swift */; };
		BD817FD229E3D72000123540 /* AppDelegate.swift in Sources */ = {isa = PBXBuildFile; fileRef = BD817FCC29E3D58D00123540 /* AppDelegate.swift */; };
		BD817FD329E3D72700123540 /* ARViewModel.swift in Sources */ = {isa = PBXBuildFile; fileRef = BD817FCE29E3D58D00123540 /* ARViewModel.swift */; };
		BD817FF129E6F59B00123540 /* a.gif in Resources */ = {isa = PBXBuildFile; fileRef = BD817FE829E6F59B00123540 /* a.gif */; };
		BD817FF229E6F59B00123540 /* b.gif in Resources */ = {isa = PBXBuildFile; fileRef = BD817FE929E6F59B00123540 /* b.gif */; };
		BD817FF329E6F59B00123540 /* h.gif in Resources */ = {isa = PBXBuildFile; fileRef = BD817FEA29E6F59B00123540 /* h.gif */; };
		BD817FF429E6F59B00123540 /* i.gif in Resources */ = {isa = PBXBuildFile; fileRef = BD817FEB29E6F59B00123540 /* i.gif */; };
		BD817FF529E6F59B00123540 /* f.gif in Resources */ = {isa = PBXBuildFile; fileRef = BD817FEC29E6F59B00123540 /* f.gif */; };
		BD817FF629E6F59B00123540 /* c.gif in Resources */ = {isa = PBXBuildFile; fileRef = BD817FED29E6F59B00123540 /* c.gif */; };
		BD817FF729E6F59B00123540 /* g.gif in Resources */ = {isa = PBXBuildFile; fileRef = BD817FEE29E6F59B00123540 /* g.gif */; };
		BD817FF829E6F59B00123540 /* e.gif in Resources */ = {isa = PBXBuildFile; fileRef = BD817FEF29E6F59B00123540 /* e.gif */; };
		BD817FF929E6F59B00123540 /* d.gif in Resources */ = {isa = PBXBuildFile; fileRef = BD817FF029E6F59B00123540 /* d.gif */; };
		BD817FFB29E6FF2F00123540 /* Settings.swift in Sources */ = {isa = PBXBuildFile; fileRef = BD817FFA29E6FF2F00123540 /* Settings.swift */; };
		BD8F94A129C8A00800394BD3 /* FisioDanceApp.swift in Sources */ = {isa = PBXBuildFile; fileRef = BD8F94A029C8A00800394BD3 /* FisioDanceApp.swift */; };
		BD8F94A329C8A00800394BD3 /* ContentView.swift in Sources */ = {isa = PBXBuildFile; fileRef = BD8F94A229C8A00800394BD3 /* ContentView.swift */; };
		BD8F94A529C8A00900394BD3 /* Assets.xcassets in Resources */ = {isa = PBXBuildFile; fileRef = BD8F94A429C8A00900394BD3 /* Assets.xcassets */; };
		BD8F94A829C8A00900394BD3 /* Preview Assets.xcassets in Resources */ = {isa = PBXBuildFile; fileRef = BD8F94A729C8A00900394BD3 /* Preview Assets.xcassets */; };
		BD8F94B129C8A47B00394BD3 /* GamesListView.swift in Sources */ = {isa = PBXBuildFile; fileRef = BD8F94B029C8A47B00394BD3 /* GamesListView.swift */; };
		BD8F94B329C8A61A00394BD3 /* HelpView.swift in Sources */ = {isa = PBXBuildFile; fileRef = BD8F94B229C8A61A00394BD3 /* HelpView.swift */; };
		BD8F94B529C8A74E00394BD3 /* GameView.swift in Sources */ = {isa = PBXBuildFile; fileRef = BD8F94B429C8A74E00394BD3 /* GameView.swift */; };
		BD8F94B729C8A7A400394BD3 /* EndGameView.swift in Sources */ = {isa = PBXBuildFile; fileRef = BD8F94B629C8A7A400394BD3 /* EndGameView.swift */; };
		BD8F94C329D45D6500394BD3 /* Jura-VariableFont_wght.ttf in Resources */ = {isa = PBXBuildFile; fileRef = BD8F94C229D45D6500394BD3 /* Jura-VariableFont_wght.ttf */; };
		BD98DB9729E278AA0073C2AA /* Classifier.swift in Sources */ = {isa = PBXBuildFile; fileRef = BD98DB9629E278AA0073C2AA /* Classifier.swift */; };
		BD98DB9929E27C3A0073C2AA /* HandPoseClassifier.mlmodel in Sources */ = {isa = PBXBuildFile; fileRef = BD98DB9829E27C3A0073C2AA /* HandPoseClassifier.mlmodel */; };
/* End PBXBuildFile section */

/* Begin PBXFileReference section */
		BD817FC529E3D58D00123540 /* ARModel.swift */ = {isa = PBXFileReference; lastKnownFileType = sourcecode.swift; path = ARModel.swift; sourceTree = "<group>"; };
		BD817FCA29E3D58D00123540 /* ExerciseModel.swift */ = {isa = PBXFileReference; lastKnownFileType = sourcecode.swift; path = ExerciseModel.swift; sourceTree = "<group>"; };
		BD817FCB29E3D58D00123540 /* GifImage.swift */ = {isa = PBXFileReference; lastKnownFileType = sourcecode.swift; path = GifImage.swift; sourceTree = "<group>"; };
		BD817FCC29E3D58D00123540 /* AppDelegate.swift */ = {isa = PBXFileReference; lastKnownFileType = sourcecode.swift; path = AppDelegate.swift; sourceTree = "<group>"; };
		BD817FCE29E3D58D00123540 /* ARViewModel.swift */ = {isa = PBXFileReference; lastKnownFileType = sourcecode.swift; path = ARViewModel.swift; sourceTree = "<group>"; };
		BD817FE829E6F59B00123540 /* a.gif */ = {isa = PBXFileReference; lastKnownFileType = image.gif; path = a.gif; sourceTree = "<group>"; };
		BD817FE929E6F59B00123540 /* b.gif */ = {isa = PBXFileReference; lastKnownFileType = image.gif; path = b.gif; sourceTree = "<group>"; };
		BD817FEA29E6F59B00123540 /* h.gif */ = {isa = PBXFileReference; lastKnownFileType = image.gif; path = h.gif; sourceTree = "<group>"; };
		BD817FEB29E6F59B00123540 /* i.gif */ = {isa = PBXFileReference; lastKnownFileType = image.gif; path = i.gif; sourceTree = "<group>"; };
		BD817FEC29E6F59B00123540 /* f.gif */ = {isa = PBXFileReference; lastKnownFileType = image.gif; path = f.gif; sourceTree = "<group>"; };
		BD817FED29E6F59B00123540 /* c.gif */ = {isa = PBXFileReference; lastKnownFileType = image.gif; path = c.gif; sourceTree = "<group>"; };
		BD817FEE29E6F59B00123540 /* g.gif */ = {isa = PBXFileReference; lastKnownFileType = image.gif; path = g.gif; sourceTree = "<group>"; };
		BD817FEF29E6F59B00123540 /* e.gif */ = {isa = PBXFileReference; lastKnownFileType = image.gif; path = e.gif; sourceTree = "<group>"; };
		BD817FF029E6F59B00123540 /* d.gif */ = {isa = PBXFileReference; lastKnownFileType = image.gif; path = d.gif; sourceTree = "<group>"; };
		BD817FFA29E6FF2F00123540 /* Settings.swift */ = {isa = PBXFileReference; lastKnownFileType = sourcecode.swift; path = Settings.swift; sourceTree = "<group>"; };
		BD8F949D29C8A00800394BD3 /* FisioDance.app */ = {isa = PBXFileReference; explicitFileType = wrapper.application; includeInIndex = 0; path = FisioDance.app; sourceTree = BUILT_PRODUCTS_DIR; };
		BD8F94A029C8A00800394BD3 /* FisioDanceApp.swift */ = {isa = PBXFileReference; lastKnownFileType = sourcecode.swift; path = FisioDanceApp.swift; sourceTree = "<group>"; };
		BD8F94A229C8A00800394BD3 /* ContentView.swift */ = {isa = PBXFileReference; lastKnownFileType = sourcecode.swift; path = ContentView.swift; sourceTree = "<group>"; };
		BD8F94A429C8A00900394BD3 /* Assets.xcassets */ = {isa = PBXFileReference; lastKnownFileType = folder.assetcatalog; path = Assets.xcassets; sourceTree = "<group>"; };
		BD8F94A729C8A00900394BD3 /* Preview Assets.xcassets */ = {isa = PBXFileReference; lastKnownFileType = folder.assetcatalog; path = "Preview Assets.xcassets"; sourceTree = "<group>"; };
		BD8F94B029C8A47B00394BD3 /* GamesListView.swift */ = {isa = PBXFileReference; lastKnownFileType = sourcecode.swift; path = GamesListView.swift; sourceTree = "<group>"; };
		BD8F94B229C8A61A00394BD3 /* HelpView.swift */ = {isa = PBXFileReference; lastKnownFileType = sourcecode.swift; path = HelpView.swift; sourceTree = "<group>"; };
		BD8F94B429C8A74E00394BD3 /* GameView.swift */ = {isa = PBXFileReference; lastKnownFileType = sourcecode.swift; path = GameView.swift; sourceTree = "<group>"; };
		BD8F94B629C8A7A400394BD3 /* EndGameView.swift */ = {isa = PBXFileReference; lastKnownFileType = sourcecode.swift; path = EndGameView.swift; sourceTree = "<group>"; };
		BD8F94C229D45D6500394BD3 /* Jura-VariableFont_wght.ttf */ = {isa = PBXFileReference; lastKnownFileType = file; path = "Jura-VariableFont_wght.ttf"; sourceTree = "<group>"; };
		BD8F94C429D45E2900394BD3 /* Info.plist */ = {isa = PBXFileReference; lastKnownFileType = text.plist; path = Info.plist; sourceTree = "<group>"; };
		BD98DB9629E278AA0073C2AA /* Classifier.swift */ = {isa = PBXFileReference; lastKnownFileType = sourcecode.swift; path = Classifier.swift; sourceTree = "<group>"; };
		BD98DB9829E27C3A0073C2AA /* HandPoseClassifier.mlmodel */ = {isa = PBXFileReference; lastKnownFileType = file.mlmodel; path = HandPoseClassifier.mlmodel; sourceTree = "<group>"; };
/* End PBXFileReference section */

/* Begin PBXFrameworksBuildPhase section */
		BD8F949A29C8A00800394BD3 /* Frameworks */ = {
			isa = PBXFrameworksBuildPhase;
			buildActionMask = 2147483647;
			files = (
			);
			runOnlyForDeploymentPostprocessing = 0;
		};
/* End PBXFrameworksBuildPhase section */

/* Begin PBXGroup section */
		BD8F949429C8A00800394BD3 = {
			isa = PBXGroup;
			children = (
				BD8F949F29C8A00800394BD3 /* FisioDance */,
				BD8F949E29C8A00800394BD3 /* Products */,
			);
			sourceTree = "<group>";
		};
		BD8F949E29C8A00800394BD3 /* Products */ = {
			isa = PBXGroup;
			children = (
				BD8F949D29C8A00800394BD3 /* FisioDance.app */,
			);
			name = Products;
			sourceTree = "<group>";
		};
		BD8F949F29C8A00800394BD3 /* FisioDance */ = {
			isa = PBXGroup;
			children = (
				BD8F94C429D45E2900394BD3 /* Info.plist */,
				BD8F94C029D45D2B00394BD3 /* font */,
				BD8F94A029C8A00800394BD3 /* FisioDanceApp.swift */,
				BD8F94B229C8A61A00394BD3 /* HelpView.swift */,
				BD98DB9629E278AA0073C2AA /* Classifier.swift */,
				BD8F94A229C8A00800394BD3 /* ContentView.swift */,
				BD8F94B029C8A47B00394BD3 /* GamesListView.swift */,
				BD8F94B629C8A7A400394BD3 /* EndGameView.swift */,
				BD98DB9829E27C3A0073C2AA /* HandPoseClassifier.mlmodel */,
				BD8F94B429C8A74E00394BD3 /* GameView.swift */,
				BD817FC529E3D58D00123540 /* ARModel.swift */,
				BD817FCE29E3D58D00123540 /* ARViewModel.swift */,
				BD817FCA29E3D58D00123540 /* ExerciseModel.swift */,
				BD817FFA29E6FF2F00123540 /* Settings.swift */,
				BD817FCB29E3D58D00123540 /* GifImage.swift */,
				BD817FCC29E3D58D00123540 /* AppDelegate.swift */,
				BD8F94A429C8A00900394BD3 /* Assets.xcassets */,
				BD817FE829E6F59B00123540 /* a.gif */,
				BD817FE929E6F59B00123540 /* b.gif */,
				BD817FED29E6F59B00123540 /* c.gif */,
				BD817FF029E6F59B00123540 /* d.gif */,
				BD817FEF29E6F59B00123540 /* e.gif */,
				BD817FEC29E6F59B00123540 /* f.gif */,
				BD817FEE29E6F59B00123540 /* g.gif */,
				BD817FEA29E6F59B00123540 /* h.gif */,
				BD817FEB29E6F59B00123540 /* i.gif */,
				BD8F94A629C8A00900394BD3 /* Preview Content */,
			);
			path = FisioDance;
			sourceTree = "<group>";
		};
		BD8F94A629C8A00900394BD3 /* Preview Content */ = {
			isa = PBXGroup;
			children = (
				BD8F94A729C8A00900394BD3 /* Preview Assets.xcassets */,
			);
			path = "Preview Content";
			sourceTree = "<group>";
		};
		BD8F94C029D45D2B00394BD3 /* font */ = {
			isa = PBXGroup;
			children = (
				BD8F94C229D45D6500394BD3 /* Jura-VariableFont_wght.ttf */,
			);
			path = font;
			sourceTree = "<group>";
		};
/* End PBXGroup section */

/* Begin PBXNativeTarget section */
		BD8F949C29C8A00800394BD3 /* FisioDance */ = {
			isa = PBXNativeTarget;
			buildConfigurationList = BD8F94AB29C8A00900394BD3 /* Build configuration list for PBXNativeTarget "FisioDance" */;
			buildPhases = (
				BD8F949929C8A00800394BD3 /* Sources */,
				BD8F949A29C8A00800394BD3 /* Frameworks */,
				BD8F949B29C8A00800394BD3 /* Resources */,
			);
			buildRules = (
			);
			dependencies = (
			);
			name = FisioDance;
			productName = FisioDance;
			productReference = BD8F949D29C8A00800394BD3 /* FisioDance.app */;
			productType = "com.apple.product-type.application";
		};
/* End PBXNativeTarget section */

/* Begin PBXProject section */
		BD8F949529C8A00800394BD3 /* Project object */ = {
			isa = PBXProject;
			attributes = {
				BuildIndependentTargetsInParallel = 1;
				LastSwiftUpdateCheck = 1420;
				LastUpgradeCheck = 1420;
				TargetAttributes = {
					BD8F949C29C8A00800394BD3 = {
						CreatedOnToolsVersion = 14.2;
					};
				};
			};
			buildConfigurationList = BD8F949829C8A00800394BD3 /* Build configuration list for PBXProject "FisioDance" */;
			compatibilityVersion = "Xcode 14.0";
			developmentRegion = en;
			hasScannedForEncodings = 0;
			knownRegions = (
				en,
				Base,
			);
			mainGroup = BD8F949429C8A00800394BD3;
			productRefGroup = BD8F949E29C8A00800394BD3 /* Products */;
			projectDirPath = "";
			projectRoot = "";
			targets = (
				BD8F949C29C8A00800394BD3 /* FisioDance */,
			);
		};
/* End PBXProject section */

/* Begin PBXResourcesBuildPhase section */
		BD8F949B29C8A00800394BD3 /* Resources */ = {
			isa = PBXResourcesBuildPhase;
			buildActionMask = 2147483647;
			files = (
				BD817FF829E6F59B00123540 /* e.gif in Resources */,
				BD817FF729E6F59B00123540 /* g.gif in Resources */,
				BD817FF629E6F59B00123540 /* c.gif in Resources */,
				BD817FF229E6F59B00123540 /* b.gif in Resources */,
				BD8F94A829C8A00900394BD3 /* Preview Assets.xcassets in Resources */,
				BD8F94A529C8A00900394BD3 /* Assets.xcassets in Resources */,
				BD817FF329E6F59B00123540 /* h.gif in Resources */,
				BD817FF429E6F59B00123540 /* i.gif in Resources */,
				BD817FF129E6F59B00123540 /* a.gif in Resources */,
				BD817FF929E6F59B00123540 /* d.gif in Resources */,
				BD8F94C329D45D6500394BD3 /* Jura-VariableFont_wght.ttf in Resources */,
				BD817FF529E6F59B00123540 /* f.gif in Resources */,
			);
			runOnlyForDeploymentPostprocessing = 0;
		};
/* End PBXResourcesBuildPhase section */

/* Begin PBXSourcesBuildPhase section */
		BD8F949929C8A00800394BD3 /* Sources */ = {
			isa = PBXSourcesBuildPhase;
			buildActionMask = 2147483647;
			files = (
				BD98DB9729E278AA0073C2AA /* Classifier.swift in Sources */,
				BD98DB9929E27C3A0073C2AA /* HandPoseClassifier.mlmodel in Sources */,
				BD8F94A329C8A00800394BD3 /* ContentView.swift in Sources */,
				BD8F94B329C8A61A00394BD3 /* HelpView.swift in Sources */,
				BD817FFB29E6FF2F00123540 /* Settings.swift in Sources */,
				BD817FCF29E3D70600123540 /* ARModel.swift in Sources */,
				BD8F94A129C8A00800394BD3 /* FisioDanceApp.swift in Sources */,
				BD8F94B129C8A47B00394BD3 /* GamesListView.swift in Sources */,
				BD817FD329E3D72700123540 /* ARViewModel.swift in Sources */,
				BD817FD229E3D72000123540 /* AppDelegate.swift in Sources */,
				BD817FD029E3D72000123540 /* ExerciseModel.swift in Sources */,
				BD817FD129E3D72000123540 /* GifImage.swift in Sources */,
				BD8F94B729C8A7A400394BD3 /* EndGameView.swift in Sources */,
				BD8F94B529C8A74E00394BD3 /* GameView.swift in Sources */,
			);
			runOnlyForDeploymentPostprocessing = 0;
		};
/* End PBXSourcesBuildPhase section */

/* Begin XCBuildConfiguration section */
		BD8F94A929C8A00900394BD3 /* Debug */ = {
			isa = XCBuildConfiguration;
			buildSettings = {
				ALWAYS_SEARCH_USER_PATHS = NO;
				CLANG_ANALYZER_NONNULL = YES;
				CLANG_ANALYZER_NUMBER_OBJECT_CONVERSION = YES_AGGRESSIVE;
				CLANG_CXX_LANGUAGE_STANDARD = "gnu++20";
				CLANG_ENABLE_MODULES = YES;
				CLANG_ENABLE_OBJC_ARC = YES;
				CLANG_ENABLE_OBJC_WEAK = YES;
				CLANG_WARN_BLOCK_CAPTURE_AUTORELEASING = YES;
				CLANG_WARN_BOOL_CONVERSION = YES;
				CLANG_WARN_COMMA = YES;
				CLANG_WARN_CONSTANT_CONVERSION = YES;
				CLANG_WARN_DEPRECATED_OBJC_IMPLEMENTATIONS = YES;
				CLANG_WARN_DIRECT_OBJC_ISA_USAGE = YES_ERROR;
				CLANG_WARN_DOCUMENTATION_COMMENTS = YES;
				CLANG_WARN_EMPTY_BODY = YES;
				CLANG_WARN_ENUM_CONVERSION = YES;
				CLANG_WARN_INFINITE_RECURSION = YES;
				CLANG_WARN_INT_CONVERSION = YES;
				CLANG_WARN_NON_LITERAL_NULL_CONVERSION = YES;
				CLANG_WARN_OBJC_IMPLICIT_RETAIN_SELF = YES;
				CLANG_WARN_OBJC_LITERAL_CONVERSION = YES;
				CLANG_WARN_OBJC_ROOT_CLASS = YES_ERROR;
				CLANG_WARN_QUOTED_INCLUDE_IN_FRAMEWORK_HEADER = YES;
				CLANG_WARN_RANGE_LOOP_ANALYSIS = YES;
				CLANG_WARN_STRICT_PROTOTYPES = YES;
				CLANG_WARN_SUSPICIOUS_MOVE = YES;
				CLANG_WARN_UNGUARDED_AVAILABILITY = YES_AGGRESSIVE;
				CLANG_WARN_UNREACHABLE_CODE = YES;
				CLANG_WARN__DUPLICATE_METHOD_MATCH = YES;
				COPY_PHASE_STRIP = NO;
				DEBUG_INFORMATION_FORMAT = dwarf;
				ENABLE_STRICT_OBJC_MSGSEND = YES;
				ENABLE_TESTABILITY = YES;
				GCC_C_LANGUAGE_STANDARD = gnu11;
				GCC_DYNAMIC_NO_PIC = NO;
				GCC_NO_COMMON_BLOCKS = YES;
				GCC_OPTIMIZATION_LEVEL = 0;
				GCC_PREPROCESSOR_DEFINITIONS = (
					"DEBUG=1",
					"$(inherited)",
				);
				GCC_WARN_64_TO_32_BIT_CONVERSION = YES;
				GCC_WARN_ABOUT_RETURN_TYPE = YES_ERROR;
				GCC_WARN_UNDECLARED_SELECTOR = YES;
				GCC_WARN_UNINITIALIZED_AUTOS = YES_AGGRESSIVE;
				GCC_WARN_UNUSED_FUNCTION = YES;
				GCC_WARN_UNUSED_VARIABLE = YES;
				IPHONEOS_DEPLOYMENT_TARGET = 16.0;
				MTL_ENABLE_DEBUG_INFO = INCLUDE_SOURCE;
				MTL_FAST_MATH = YES;
				ONLY_ACTIVE_ARCH = YES;
				SDKROOT = iphoneos;
				SWIFT_ACTIVE_COMPILATION_CONDITIONS = DEBUG;
				SWIFT_OPTIMIZATION_LEVEL = "-Onone";
			};
			name = Debug;
		};
		BD8F94AA29C8A00900394BD3 /* Release */ = {
			isa = XCBuildConfiguration;
			buildSettings = {
				ALWAYS_SEARCH_USER_PATHS = NO;
				CLANG_ANALYZER_NONNULL = YES;
				CLANG_ANALYZER_NUMBER_OBJECT_CONVERSION = YES_AGGRESSIVE;
				CLANG_CXX_LANGUAGE_STANDARD = "gnu++20";
				CLANG_ENABLE_MODULES = YES;
				CLANG_ENABLE_OBJC_ARC = YES;
				CLANG_ENABLE_OBJC_WEAK = YES;
				CLANG_WARN_BLOCK_CAPTURE_AUTORELEASING = YES;
				CLANG_WARN_BOOL_CONVERSION = YES;
				CLANG_WARN_COMMA = YES;
				CLANG_WARN_CONSTANT_CONVERSION = YES;
				CLANG_WARN_DEPRECATED_OBJC_IMPLEMENTATIONS = YES;
				CLANG_WARN_DIRECT_OBJC_ISA_USAGE = YES_ERROR;
				CLANG_WARN_DOCUMENTATION_COMMENTS = YES;
				CLANG_WARN_EMPTY_BODY = YES;
				CLANG_WARN_ENUM_CONVERSION = YES;
				CLANG_WARN_INFINITE_RECURSION = YES;
				CLANG_WARN_INT_CONVERSION = YES;
				CLANG_WARN_NON_LITERAL_NULL_CONVERSION = YES;
				CLANG_WARN_OBJC_IMPLICIT_RETAIN_SELF = YES;
				CLANG_WARN_OBJC_LITERAL_CONVERSION = YES;
				CLANG_WARN_OBJC_ROOT_CLASS = YES_ERROR;
				CLANG_WARN_QUOTED_INCLUDE_IN_FRAMEWORK_HEADER = YES;
				CLANG_WARN_RANGE_LOOP_ANALYSIS = YES;
				CLANG_WARN_STRICT_PROTOTYPES = YES;
				CLANG_WARN_SUSPICIOUS_MOVE = YES;
				CLANG_WARN_UNGUARDED_AVAILABILITY = YES_AGGRESSIVE;
				CLANG_WARN_UNREACHABLE_CODE = YES;
				CLANG_WARN__DUPLICATE_METHOD_MATCH = YES;
				COPY_PHASE_STRIP = NO;
				DEBUG_INFORMATION_FORMAT = "dwarf-with-dsym";
				ENABLE_NS_ASSERTIONS = NO;
				ENABLE_STRICT_OBJC_MSGSEND = YES;
				GCC_C_LANGUAGE_STANDARD = gnu11;
				GCC_NO_COMMON_BLOCKS = YES;
				GCC_WARN_64_TO_32_BIT_CONVERSION = YES;
				GCC_WARN_ABOUT_RETURN_TYPE = YES_ERROR;
				GCC_WARN_UNDECLARED_SELECTOR = YES;
				GCC_WARN_UNINITIALIZED_AUTOS = YES_AGGRESSIVE;
				GCC_WARN_UNUSED_FUNCTION = YES;
				GCC_WARN_UNUSED_VARIABLE = YES;
				IPHONEOS_DEPLOYMENT_TARGET = 16.0;
				MTL_ENABLE_DEBUG_INFO = NO;
				MTL_FAST_MATH = YES;
				SDKROOT = iphoneos;
				SWIFT_COMPILATION_MODE = wholemodule;
				SWIFT_OPTIMIZATION_LEVEL = "-O";
				VALIDATE_PRODUCT = YES;
			};
			name = Release;
		};
		BD8F94AC29C8A00900394BD3 /* Debug */ = {
			isa = XCBuildConfiguration;
			buildSettings = {
				ASSETCATALOG_COMPILER_APPICON_NAME = AppIcon;
				ASSETCATALOG_COMPILER_GLOBAL_ACCENT_COLOR_NAME = AccentColor;
				CODE_SIGN_STYLE = Automatic;
				CURRENT_PROJECT_VERSION = 1;
				DEVELOPMENT_ASSET_PATHS = "\"FisioDance/Preview Content\"";
				DEVELOPMENT_TEAM = Z4T4DUM2DD;
				ENABLE_PREVIEWS = YES;
				GENERATE_INFOPLIST_FILE = YES;
				INFOPLIST_FILE = FisioDance/Info.plist;
				INFOPLIST_KEY_NSCameraUsageDescription = arkit;
				INFOPLIST_KEY_UIApplicationSceneManifest_Generation = YES;
				INFOPLIST_KEY_UIApplicationSupportsIndirectInputEvents = YES;
				INFOPLIST_KEY_UILaunchScreen_Generation = YES;
				INFOPLIST_KEY_UISupportedInterfaceOrientations = "UIInterfaceOrientationLandscapeLeft UIInterfaceOrientationLandscapeRight";
				INFOPLIST_KEY_UISupportedInterfaceOrientations_iPad = "UIInterfaceOrientationLandscapeLeft UIInterfaceOrientationLandscapeRight UIInterfaceOrientationPortraitUpsideDown";
				LD_RUNPATH_SEARCH_PATHS = (
					"$(inherited)",
					"@executable_path/Frameworks",
				);
				MARKETING_VERSION = 1.0;
				PRODUCT_BUNDLE_IDENTIFIER = sofia.FisioDance;
				PRODUCT_NAME = "$(TARGET_NAME)";
				SUPPORTED_PLATFORMS = "iphoneos iphonesimulator";
				SUPPORTS_MACCATALYST = NO;
				SUPPORTS_MAC_DESIGNED_FOR_IPHONE_IPAD = NO;
				SWIFT_EMIT_LOC_STRINGS = YES;
				SWIFT_VERSION = 5.0;
				TARGETED_DEVICE_FAMILY = "1,2";
			};
			name = Debug;
		};
		BD8F94AD29C8A00900394BD3 /* Release */ = {
			isa = XCBuildConfiguration;
			buildSettings = {
				ASSETCATALOG_COMPILER_APPICON_NAME = AppIcon;
				ASSETCATALOG_COMPILER_GLOBAL_ACCENT_COLOR_NAME = AccentColor;
				CODE_SIGN_STYLE = Automatic;
				CURRENT_PROJECT_VERSION = 1;
				DEVELOPMENT_ASSET_PATHS = "\"FisioDance/Preview Content\"";
				DEVELOPMENT_TEAM = Z4T4DUM2DD;
				ENABLE_PREVIEWS = YES;
				GENERATE_INFOPLIST_FILE = YES;
				INFOPLIST_FILE = FisioDance/Info.plist;
				INFOPLIST_KEY_NSCameraUsageDescription = arkit;
				INFOPLIST_KEY_UIApplicationSceneManifest_Generation = YES;
				INFOPLIST_KEY_UIApplicationSupportsIndirectInputEvents = YES;
				INFOPLIST_KEY_UILaunchScreen_Generation = YES;
				INFOPLIST_KEY_UISupportedInterfaceOrientations = "UIInterfaceOrientationLandscapeLeft UIInterfaceOrientationLandscapeRight";
				INFOPLIST_KEY_UISupportedInterfaceOrientations_iPad = "UIInterfaceOrientationLandscapeLeft UIInterfaceOrientationLandscapeRight UIInterfaceOrientationPortraitUpsideDown";
				LD_RUNPATH_SEARCH_PATHS = (
					"$(inherited)",
					"@executable_path/Frameworks",
				);
				MARKETING_VERSION = 1.0;
				PRODUCT_BUNDLE_IDENTIFIER = sofia.FisioDance;
				PRODUCT_NAME = "$(TARGET_NAME)";
				SUPPORTED_PLATFORMS = "iphoneos iphonesimulator";
				SUPPORTS_MACCATALYST = NO;
				SUPPORTS_MAC_DESIGNED_FOR_IPHONE_IPAD = NO;
				SWIFT_EMIT_LOC_STRINGS = YES;
				SWIFT_VERSION = 5.0;
				TARGETED_DEVICE_FAMILY = "1,2";
			};
			name = Release;
		};
/* End XCBuildConfiguration section */

/* Begin XCConfigurationList section */
		BD8F949829C8A00800394BD3 /* Build configuration list for PBXProject "FisioDance" */ = {
			isa = XCConfigurationList;
			buildConfigurations = (
				BD8F94A929C8A00900394BD3 /* Debug */,
				BD8F94AA29C8A00900394BD3 /* Release */,
			);
			defaultConfigurationIsVisible = 0;
			defaultConfigurationName = Release;
		};
		BD8F94AB29C8A00900394BD3 /* Build configuration list for PBXNativeTarget "FisioDance" */ = {
			isa = XCConfigurationList;
			buildConfigurations = (
				BD8F94AC29C8A00900394BD3 /* Debug */,
				BD8F94AD29C8A00900394BD3 /* Release */,
			);
			defaultConfigurationIsVisible = 0;
			defaultConfigurationName = Release;
		};
/* End XCConfigurationList section */
	};
	rootObject = BD8F949529C8A00800394BD3 /* Project object */;
}
